// !$*UTF8*$!
{
	archiveVersion = 1;
	classes = {
	};
	objectVersion = 48;
	objects = {

/* Begin PBXBuildFile section */
		3438C3A31FDF7710005AEC67 /* Extension_Date.swift in Sources */ = {isa = PBXBuildFile; fileRef = 3438C3A21FDF7710005AEC67 /* Extension_Date.swift */; };
		3438C3A51FDF7F35005AEC67 /* Extension_UIView.swift in Sources */ = {isa = PBXBuildFile; fileRef = 3438C3A41FDF7F35005AEC67 /* Extension_UIView.swift */; };
		3438C3A71FDF9F01005AEC67 /* Extension_UIColor.swift in Sources */ = {isa = PBXBuildFile; fileRef = 3438C3A61FDF9F01005AEC67 /* Extension_UIColor.swift */; };
		343B03841FD13EAC007ECDE2 /* AppDelegate.swift in Sources */ = {isa = PBXBuildFile; fileRef = 343B03831FD13EAC007ECDE2 /* AppDelegate.swift */; };
		343B03861FD13EAC007ECDE2 /* ViewController.swift in Sources */ = {isa = PBXBuildFile; fileRef = 343B03851FD13EAC007ECDE2 /* ViewController.swift */; };
		343B03891FD13EAC007ECDE2 /* Main.storyboard in Resources */ = {isa = PBXBuildFile; fileRef = 343B03871FD13EAC007ECDE2 /* Main.storyboard */; };
		343B038B1FD13EAC007ECDE2 /* Assets.xcassets in Resources */ = {isa = PBXBuildFile; fileRef = 343B038A1FD13EAC007ECDE2 /* Assets.xcassets */; };
		343B038E1FD13EAC007ECDE2 /* LaunchScreen.storyboard in Resources */ = {isa = PBXBuildFile; fileRef = 343B038C1FD13EAC007ECDE2 /* LaunchScreen.storyboard */; };
		343B03991FD1427C007ECDE2 /* QCalendarPicker.swift in Sources */ = {isa = PBXBuildFile; fileRef = 343B03981FD1427C007ECDE2 /* QCalendarPicker.swift */; };
		3486A5351FD947F40082BA44 /* README.md in Resources */ = {isa = PBXBuildFile; fileRef = 3486A5321FD947F30082BA44 /* README.md */; };
		34B870F41FDA7983000FFD0E /* QDatePicker.swift in Sources */ = {isa = PBXBuildFile; fileRef = 34B870F31FDA7983000FFD0E /* QDatePicker.swift */; };
		34B870F71FDA7C5D000FFD0E /* QCalendarPicker.mp4 in Resources */ = {isa = PBXBuildFile; fileRef = 34B870F51FDA7C5D000FFD0E /* QCalendarPicker.mp4 */; };
		34B870F81FDA7C5D000FFD0E /* QCalendarPicker.gif in Resources */ = {isa = PBXBuildFile; fileRef = 34B870F61FDA7C5D000FFD0E /* QCalendarPicker.gif */; };
		34D3E4021FE0B8CD005D40AB /* Extension_String.swift in Sources */ = {isa = PBXBuildFile; fileRef = 34D3E4011FE0B8CD005D40AB /* Extension_String.swift */; };
/* End PBXBuildFile section */

/* Begin PBXFileReference section */
		3438C3A21FDF7710005AEC67 /* Extension_Date.swift */ = {isa = PBXFileReference; lastKnownFileType = sourcecode.swift; path = Extension_Date.swift; sourceTree = "<group>"; };
		3438C3A41FDF7F35005AEC67 /* Extension_UIView.swift */ = {isa = PBXFileReference; lastKnownFileType = sourcecode.swift; path = Extension_UIView.swift; sourceTree = "<group>"; };
		3438C3A61FDF9F01005AEC67 /* Extension_UIColor.swift */ = {isa = PBXFileReference; lastKnownFileType = sourcecode.swift; path = Extension_UIColor.swift; sourceTree = "<group>"; };
		343B03801FD13EAC007ECDE2 /* QTimePicker.app */ = {isa = PBXFileReference; explicitFileType = wrapper.application; includeInIndex = 0; path = QTimePicker.app; sourceTree = BUILT_PRODUCTS_DIR; };
		343B03831FD13EAC007ECDE2 /* AppDelegate.swift */ = {isa = PBXFileReference; lastKnownFileType = sourcecode.swift; path = AppDelegate.swift; sourceTree = "<group>"; };
		343B03851FD13EAC007ECDE2 /* ViewController.swift */ = {isa = PBXFileReference; lastKnownFileType = sourcecode.swift; path = ViewController.swift; sourceTree = "<group>"; };
		343B03881FD13EAC007ECDE2 /* Base */ = {isa = PBXFileReference; lastKnownFileType = file.storyboard; name = Base; path = Base.lproj/Main.storyboard; sourceTree = "<group>"; };
		343B038A1FD13EAC007ECDE2 /* Assets.xcassets */ = {isa = PBXFileReference; lastKnownFileType = folder.assetcatalog; path = Assets.xcassets; sourceTree = "<group>"; };
		343B038D1FD13EAC007ECDE2 /* Base */ = {isa = PBXFileReference; lastKnownFileType = file.storyboard; name = Base; path = Base.lproj/LaunchScreen.storyboard; sourceTree = "<group>"; };
		343B038F1FD13EAC007ECDE2 /* Info.plist */ = {isa = PBXFileReference; lastKnownFileType = text.plist.xml; path = Info.plist; sourceTree = "<group>"; };
		343B03981FD1427C007ECDE2 /* QCalendarPicker.swift */ = {isa = PBXFileReference; lastKnownFileType = sourcecode.swift; path = QCalendarPicker.swift; sourceTree = "<group>"; };
		3486A5321FD947F30082BA44 /* README.md */ = {isa = PBXFileReference; fileEncoding = 4; lastKnownFileType = net.daringfireball.markdown; path = README.md; sourceTree = "<group>"; };
		34B870F31FDA7983000FFD0E /* QDatePicker.swift */ = {isa = PBXFileReference; lastKnownFileType = sourcecode.swift; path = QDatePicker.swift; sourceTree = "<group>"; };
		34B870F51FDA7C5D000FFD0E /* QCalendarPicker.mp4 */ = {isa = PBXFileReference; lastKnownFileType = file; path = QCalendarPicker.mp4; sourceTree = "<group>"; };
		34B870F61FDA7C5D000FFD0E /* QCalendarPicker.gif */ = {isa = PBXFileReference; lastKnownFileType = image.gif; path = QCalendarPicker.gif; sourceTree = "<group>"; };
		34D3E4011FE0B8CD005D40AB /* Extension_String.swift */ = {isa = PBXFileReference; lastKnownFileType = sourcecode.swift; path = Extension_String.swift; sourceTree = "<group>"; };
		34D3E4071FE0CFC2005D40AB /* QTimePicker-Bridging-Header.h */ = {isa = PBXFileReference; lastKnownFileType = sourcecode.c.h; path = "QTimePicker-Bridging-Header.h"; sourceTree = "<group>"; };
/* End PBXFileReference section */

/* Begin PBXFrameworksBuildPhase section */
		343B037D1FD13EAC007ECDE2 /* Frameworks */ = {
			isa = PBXFrameworksBuildPhase;
			buildActionMask = 2147483647;
			files = (
			);
			runOnlyForDeploymentPostprocessing = 0;
		};
/* End PBXFrameworksBuildPhase section */

/* Begin PBXGroup section */
		343B03771FD13EAC007ECDE2 = {
			isa = PBXGroup;
			children = (
				34B870F61FDA7C5D000FFD0E /* QCalendarPicker.gif */,
				34B870F51FDA7C5D000FFD0E /* QCalendarPicker.mp4 */,
				3486A5321FD947F30082BA44 /* README.md */,
				343B03821FD13EAC007ECDE2 /* QTimePicker */,
				343B03811FD13EAC007ECDE2 /* Products */,
			);
			sourceTree = "<group>";
		};
		343B03811FD13EAC007ECDE2 /* Products */ = {
			isa = PBXGroup;
			children = (
				343B03801FD13EAC007ECDE2 /* QTimePicker.app */,
			);
			name = Products;
			sourceTree = "<group>";
		};
		343B03821FD13EAC007ECDE2 /* QTimePicker */ = {
			isa = PBXGroup;
			children = (
				343B03981FD1427C007ECDE2 /* QCalendarPicker.swift */,
				34B870F31FDA7983000FFD0E /* QDatePicker.swift */,
				3438C3A21FDF7710005AEC67 /* Extension_Date.swift */,
				3438C3A41FDF7F35005AEC67 /* Extension_UIView.swift */,
				3438C3A61FDF9F01005AEC67 /* Extension_UIColor.swift */,
				34D3E4011FE0B8CD005D40AB /* Extension_String.swift */,
				343B03831FD13EAC007ECDE2 /* AppDelegate.swift */,
				343B03851FD13EAC007ECDE2 /* ViewController.swift */,
				343B03871FD13EAC007ECDE2 /* Main.storyboard */,
				343B038A1FD13EAC007ECDE2 /* Assets.xcassets */,
				343B038C1FD13EAC007ECDE2 /* LaunchScreen.storyboard */,
				343B038F1FD13EAC007ECDE2 /* Info.plist */,
				34D3E4071FE0CFC2005D40AB /* QTimePicker-Bridging-Header.h */,
			);
			path = QTimePicker;
			sourceTree = "<group>";
		};
/* End PBXGroup section */

/* Begin PBXNativeTarget section */
		343B037F1FD13EAC007ECDE2 /* QTimePicker */ = {
			isa = PBXNativeTarget;
			buildConfigurationList = 343B03921FD13EAC007ECDE2 /* Build configuration list for PBXNativeTarget "QTimePicker" */;
			buildPhases = (
				343B037C1FD13EAC007ECDE2 /* Sources */,
				343B037D1FD13EAC007ECDE2 /* Frameworks */,
				343B037E1FD13EAC007ECDE2 /* Resources */,
				343961481FE3774A00B22BFF /* ShellScript */,
			);
			buildRules = (
			);
			dependencies = (
			);
			name = QTimePicker;
			productName = QTimePicker;
			productReference = 343B03801FD13EAC007ECDE2 /* QTimePicker.app */;
			productType = "com.apple.product-type.application";
		};
/* End PBXNativeTarget section */

/* Begin PBXProject section */
		343B03781FD13EAC007ECDE2 /* Project object */ = {
			isa = PBXProject;
			attributes = {
				LastSwiftUpdateCheck = 0910;
				LastUpgradeCheck = 0910;
				TargetAttributes = {
					343B037F1FD13EAC007ECDE2 = {
						CreatedOnToolsVersion = 9.1;
						LastSwiftMigration = 0920;
						ProvisioningStyle = Automatic;
					};
				};
			};
			buildConfigurationList = 343B037B1FD13EAC007ECDE2 /* Build configuration list for PBXProject "QTimePicker" */;
			compatibilityVersion = "Xcode 8.0";
			developmentRegion = en;
			hasScannedForEncodings = 0;
			knownRegions = (
				en,
				Base,
			);
			mainGroup = 343B03771FD13EAC007ECDE2;
			productRefGroup = 343B03811FD13EAC007ECDE2 /* Products */;
			projectDirPath = "";
			projectRoot = "";
			targets = (
				343B037F1FD13EAC007ECDE2 /* QTimePicker */,
			);
		};
/* End PBXProject section */

/* Begin PBXResourcesBuildPhase section */
		343B037E1FD13EAC007ECDE2 /* Resources */ = {
			isa = PBXResourcesBuildPhase;
			buildActionMask = 2147483647;
			files = (
				343B038E1FD13EAC007ECDE2 /* LaunchScreen.storyboard in Resources */,
				343B038B1FD13EAC007ECDE2 /* Assets.xcassets in Resources */,
				34B870F81FDA7C5D000FFD0E /* QCalendarPicker.gif in Resources */,
				34B870F71FDA7C5D000FFD0E /* QCalendarPicker.mp4 in Resources */,
				3486A5351FD947F40082BA44 /* README.md in Resources */,
				343B03891FD13EAC007ECDE2 /* Main.storyboard in Resources */,
			);
			runOnlyForDeploymentPostprocessing = 0;
		};
/* End PBXResourcesBuildPhase section */

/* Begin PBXShellScriptBuildPhase section */
		343961481FE3774A00B22BFF /* ShellScript */ = {
			isa = PBXShellScriptBuildPhase;
			buildActionMask = 2147483647;
			files = (
			);
			inputPaths = (
			);
			outputPaths = (
			);
			runOnlyForDeploymentPostprocessing = 0;
			shellPath = /bin/sh;
			shellScript = "
";
		};
/* End PBXShellScriptBuildPhase section */

/* Begin PBXSourcesBuildPhase section */
		343B037C1FD13EAC007ECDE2 /* Sources */ = {
			isa = PBXSourcesBuildPhase;
			buildActionMask = 2147483647;
			files = (
				3438C3A31FDF7710005AEC67 /* Extension_Date.swift in Sources */,
				343B03991FD1427C007ECDE2 /* QCalendarPicker.swift in Sources */,
				3438C3A51FDF7F35005AEC67 /* Extension_UIView.swift in Sources */,
				34B870F41FDA7983000FFD0E /* QDatePicker.swift in Sources */,
				34D3E4021FE0B8CD005D40AB /* Extension_String.swift in Sources */,
				3438C3A71FDF9F01005AEC67 /* Extension_UIColor.swift in Sources */,
				343B03861FD13EAC007ECDE2 /* ViewController.swift in Sources */,
				343B03841FD13EAC007ECDE2 /* AppDelegate.swift in Sources */,
			);
			runOnlyForDeploymentPostprocessing = 0;
		};
/* End PBXSourcesBuildPhase section */

/* Begin PBXVariantGroup section */
		343B03871FD13EAC007ECDE2 /* Main.storyboard */ = {
			isa = PBXVariantGroup;
			children = (
				343B03881FD13EAC007ECDE2 /* Base */,
			);
			name = Main.storyboard;
			sourceTree = "<group>";
		};
		343B038C1FD13EAC007ECDE2 /* LaunchScreen.storyboard */ = {
			isa = PBXVariantGroup;
			children = (
				343B038D1FD13EAC007ECDE2 /* Base */,
			);
			name = LaunchScreen.storyboard;
			sourceTree = "<group>";
		};
/* End PBXVariantGroup section */

/* Begin XCBuildConfiguration section */
		343B03901FD13EAC007ECDE2 /* Debug */ = {
			isa = XCBuildConfiguration;
			buildSettings = {
				ALWAYS_SEARCH_USER_PATHS = NO;
				CLANG_ANALYZER_NONNULL = YES;
				CLANG_ANALYZER_NUMBER_OBJECT_CONVERSION = YES_AGGRESSIVE;
				CLANG_CXX_LANGUAGE_STANDARD = "gnu++14";
				CLANG_CXX_LIBRARY = "libc++";
				CLANG_ENABLE_MODULES = YES;
				CLANG_ENABLE_OBJC_ARC = YES;
				CLANG_WARN_BLOCK_CAPTURE_AUTORELEASING = YES;
				CLANG_WARN_BOOL_CONVERSION = YES;
				CLANG_WARN_COMMA = YES;
				CLANG_WARN_CONSTANT_CONVERSION = YES;
				CLANG_WARN_DIRECT_OBJC_ISA_USAGE = YES_ERROR;
				CLANG_WARN_DOCUMENTATION_COMMENTS = YES;
				CLANG_WARN_EMPTY_BODY = YES;
				CLANG_WARN_ENUM_CONVERSION = YES;
				CLANG_WARN_INFINITE_RECURSION = YES;
				CLANG_WARN_INT_CONVERSION = YES;
				CLANG_WARN_NON_LITERAL_NULL_CONVERSION = YES;
				CLANG_WARN_OBJC_LITERAL_CONVERSION = YES;
				CLANG_WARN_OBJC_ROOT_CLASS = YES_ERROR;
				CLANG_WARN_RANGE_LOOP_ANALYSIS = YES;
				CLANG_WARN_STRICT_PROTOTYPES = YES;
				CLANG_WARN_SUSPICIOUS_MOVE = YES;
				CLANG_WARN_UNGUARDED_AVAILABILITY = YES_AGGRESSIVE;
				CLANG_WARN_UNREACHABLE_CODE = YES;
				CLANG_WARN__DUPLICATE_METHOD_MATCH = YES;
				CODE_SIGN_IDENTITY = "iPhone Developer";
				COPY_PHASE_STRIP = NO;
				DEBUG_INFORMATION_FORMAT = dwarf;
				ENABLE_STRICT_OBJC_MSGSEND = YES;
				ENABLE_TESTABILITY = YES;
				GCC_C_LANGUAGE_STANDARD = gnu11;
				GCC_DYNAMIC_NO_PIC = NO;
				GCC_NO_COMMON_BLOCKS = YES;
				GCC_OPTIMIZATION_LEVEL = 0;
				GCC_PREPROCESSOR_DEFINITIONS = (
					"DEBUG=1",
					"$(inherited)",
				);
				GCC_WARN_64_TO_32_BIT_CONVERSION = YES;
				GCC_WARN_ABOUT_RETURN_TYPE = YES_ERROR;
				GCC_WARN_UNDECLARED_SELECTOR = YES;
				GCC_WARN_UNINITIALIZED_AUTOS = YES_AGGRESSIVE;
				GCC_WARN_UNUSED_FUNCTION = YES;
				GCC_WARN_UNUSED_VARIABLE = YES;
				IPHONEOS_DEPLOYMENT_TARGET = 11.1;
				MTL_ENABLE_DEBUG_INFO = YES;
				ONLY_ACTIVE_ARCH = YES;
				SDKROOT = iphoneos;
				SWIFT_ACTIVE_COMPILATION_CONDITIONS = DEBUG;
				SWIFT_OPTIMIZATION_LEVEL = "-Onone";
			};
			name = Debug;
		};
		343B03911FD13EAC007ECDE2 /* Release */ = {
			isa = XCBuildConfiguration;
			buildSettings = {
				ALWAYS_SEARCH_USER_PATHS = NO;
				CLANG_ANALYZER_NONNULL = YES;
				CLANG_ANALYZER_NUMBER_OBJECT_CONVERSION = YES_AGGRESSIVE;
				CLANG_CXX_LANGUAGE_STANDARD = "gnu++14";
				CLANG_CXX_LIBRARY = "libc++";
				CLANG_ENABLE_MODULES = YES;
				CLANG_ENABLE_OBJC_ARC = YES;
				CLANG_WARN_BLOCK_CAPTURE_AUTORELEASING = YES;
				CLANG_WARN_BOOL_CONVERSION = YES;
				CLANG_WARN_COMMA = YES;
				CLANG_WARN_CONSTANT_CONVERSION = YES;
				CLANG_WARN_DIRECT_OBJC_ISA_USAGE = YES_ERROR;
				CLANG_WARN_DOCUMENTATION_COMMENTS = YES;
				CLANG_WARN_EMPTY_BODY = YES;
				CLANG_WARN_ENUM_CONVERSION = YES;
				CLANG_WARN_INFINITE_RECURSION = YES;
				CLANG_WARN_INT_CONVERSION = YES;
				CLANG_WARN_NON_LITERAL_NULL_CONVERSION = YES;
				CLANG_WARN_OBJC_LITERAL_CONVERSION = YES;
				CLANG_WARN_OBJC_ROOT_CLASS = YES_ERROR;
				CLANG_WARN_RANGE_LOOP_ANALYSIS = YES;
				CLANG_WARN_STRICT_PROTOTYPES = YES;
				CLANG_WARN_SUSPICIOUS_MOVE = YES;
				CLANG_WARN_UNGUARDED_AVAILABILITY = YES_AGGRESSIVE;
				CLANG_WARN_UNREACHABLE_CODE = YES;
				CLANG_WARN__DUPLICATE_METHOD_MATCH = YES;
				CODE_SIGN_IDENTITY = "iPhone Developer";
				COPY_PHASE_STRIP = NO;
				DEBUG_INFORMATION_FORMAT = "dwarf-with-dsym";
				ENABLE_NS_ASSERTIONS = NO;
				ENABLE_STRICT_OBJC_MSGSEND = YES;
				GCC_C_LANGUAGE_STANDARD = gnu11;
				GCC_NO_COMMON_BLOCKS = YES;
				GCC_WARN_64_TO_32_BIT_CONVERSION = YES;
				GCC_WARN_ABOUT_RETURN_TYPE = YES_ERROR;
				GCC_WARN_UNDECLARED_SELECTOR = YES;
				GCC_WARN_UNINITIALIZED_AUTOS = YES_AGGRESSIVE;
				GCC_WARN_UNUSED_FUNCTION = YES;
				GCC_WARN_UNUSED_VARIABLE = YES;
				IPHONEOS_DEPLOYMENT_TARGET = 11.1;
				MTL_ENABLE_DEBUG_INFO = NO;
				SDKROOT = iphoneos;
				SWIFT_OPTIMIZATION_LEVEL = "-Owholemodule";
				VALIDATE_PRODUCT = YES;
			};
			name = Release;
		};
		343B03931FD13EAC007ECDE2 /* Debug */ = {
			isa = XCBuildConfiguration;
			buildSettings = {
				ASSETCATALOG_COMPILER_APPICON_NAME = AppIcon;
				CLANG_ENABLE_MODULES = YES;
				CODE_SIGN_STYLE = Automatic;
				DEVELOPMENT_TEAM = C8JYA996LC;
				INFOPLIST_FILE = QTimePicker/Info.plist;
				IPHONEOS_DEPLOYMENT_TARGET = 8.0;
				LD_RUNPATH_SEARCH_PATHS = "$(inherited) @executable_path/Frameworks";
				PRODUCT_BUNDLE_IDENTIFIER = qyfeng.QTimePicker;
				PRODUCT_NAME = "$(TARGET_NAME)";
				SWIFT_OBJC_BRIDGING_HEADER = "QTimePicker/QTimePicker-Bridging-Header.h";
				SWIFT_OPTIMIZATION_LEVEL = "-Onone";
				SWIFT_VERSION = 4.0;
				TARGETED_DEVICE_FAMILY = "1,2";
			};
			name = Debug;
		};
		343B03941FD13EAC007ECDE2 /* Release */ = {
			isa = XCBuildConfiguration;
			buildSettings = {
				ASSETCATALOG_COMPILER_APPICON_NAME = AppIcon;
				CLANG_ENABLE_MODULES = YES;
				CODE_SIGN_STYLE = Automatic;
				DEVELOPMENT_TEAM = C8JYA996LC;
				INFOPLIST_FILE = QTimePicker/Info.plist;
				IPHONEOS_DEPLOYMENT_TARGET = 8.0;
				LD_RUNPATH_SEARCH_PATHS = "$(inherited) @executable_path/Frameworks";
				PRODUCT_BUNDLE_IDENTIFIER = qyfeng.QTimePicker;
				PRODUCT_NAME = "$(TARGET_NAME)";
				SWIFT_OBJC_BRIDGING_HEADER = "QTimePicker/QTimePicker-Bridging-Header.h";
				SWIFT_VERSION = 4.0;
				TARGETED_DEVICE_FAMILY = "1,2";
			};
			name = Release;
		};
/* End XCBuildConfiguration section */

/* Begin XCConfigurationList section */
		343B037B1FD13EAC007ECDE2 /* Build configuration list for PBXProject "QTimePicker" */ = {
			isa = XCConfigurationList;
			buildConfigurations = (
				343B03901FD13EAC007ECDE2 /* Debug */,
				343B03911FD13EAC007ECDE2 /* Release */,
			);
			defaultConfigurationIsVisible = 0;
			defaultConfigurationName = Release;
		};
		343B03921FD13EAC007ECDE2 /* Build configuration list for PBXNativeTarget "QTimePicker" */ = {
			isa = XCConfigurationList;
			buildConfigurations = (
				343B03931FD13EAC007ECDE2 /* Debug */,
				343B03941FD13EAC007ECDE2 /* Release */,
			);
			defaultConfigurationIsVisible = 0;
			defaultConfigurationName = Release;
		};
/* End XCConfigurationList section */
	};
	rootObject = 343B03781FD13EAC007ECDE2 /* Project object */;
}
